
Microsoft Visual Studio Solution File, Format Version 12.00
# Visual Studio 15
VisualStudioVersion = 15.0.27703.2042
MinimumVisualStudioVersion = 10.0.40219.1
Project("{FAE04EC0-301F-11D3-BF4B-00C04F79EFBC}") = "AnimePlayer", "AnimePlayer\AnimePlayer.csproj", "{CD3D6913-B77F-45CC-996F-DCD5A9487555}"
EndProject
Global
	GlobalSection(SolutionConfigurationPlatforms) = preSolution
		Debug|Any CPU = Debug|Any CPU
		Release|Any CPU = Release|Any CPU
	EndGlobalSection
	GlobalSection(ProjectConfigurationPlatforms) = postSolution
		{CD3D6913-B77F-45CC-996F-DCD5A9487555}.Debug|Any CPU.ActiveCfg = Debug|Any CPU
		{CD3D6913-B77F-45CC-996F-DCD5A9487555}.Debug|Any CPU.Build.0 = Debug|Any CPU
		{CD3D6913-B77F-45CC-996F-DCD5A9487555}.Release|Any CPU.ActiveCfg = Release|Any CPU
		{CD3D6913-B77F-45CC-996F-DCD5A9487555}.Release|Any CPU.Build.0 = Release|Any CPU
	EndGlobalSection
	GlobalSection(SolutionProperties) = preSolution
		HideSolutionNode = FALSE
	EndGlobalSection
	GlobalSection(ExtensibilityGlobals) = postSolution
		SolutionGuid = {67C8BADD-2430-4C21-B4A4-F4CD266E79D9}
	EndGlobalSection
EndGlobal
